// !$*UTF8*$!
{
	archiveVersion = 1;
	classes = {
	};
	objectVersion = 56;
	objects = {

/* Begin PBXBuildFile section */
		A2BD021229AF4F8D00462C8A /* AppDelegate.swift in Sources */ = {isa = PBXBuildFile; fileRef = A2BD021129AF4F8D00462C8A /* AppDelegate.swift */; };
		A2BD021429AF4F8D00462C8A /* SceneDelegate.swift in Sources */ = {isa = PBXBuildFile; fileRef = A2BD021329AF4F8D00462C8A /* SceneDelegate.swift */; };
		A2BD021629AF4F8D00462C8A /* ViewController.swift in Sources */ = {isa = PBXBuildFile; fileRef = A2BD021529AF4F8D00462C8A /* ViewController.swift */; };
		A2BD021929AF4F8D00462C8A /* Main.storyboard in Resources */ = {isa = PBXBuildFile; fileRef = A2BD021729AF4F8D00462C8A /* Main.storyboard */; };
		A2BD021B29AF4F8E00462C8A /* Assets.xcassets in Resources */ = {isa = PBXBuildFile; fileRef = A2BD021A29AF4F8E00462C8A /* Assets.xcassets */; };
		A2BD021E29AF4F8E00462C8A /* LaunchScreen.storyboard in Resources */ = {isa = PBXBuildFile; fileRef = A2BD021C29AF4F8E00462C8A /* LaunchScreen.storyboard */; };
		A2BD022929AF4F8F00462C8A /* TestProejctTests.swift in Sources */ = {isa = PBXBuildFile; fileRef = A2BD022829AF4F8F00462C8A /* TestProejctTests.swift */; };
		A2BD023329AF4F8F00462C8A /* TestProejctUITests.swift in Sources */ = {isa = PBXBuildFile; fileRef = A2BD023229AF4F8F00462C8A /* TestProejctUITests.swift */; };
		A2BD023529AF4F8F00462C8A /* TestProejctUITestsLaunchTests.swift in Sources */ = {isa = PBXBuildFile; fileRef = A2BD023429AF4F8F00462C8A /* TestProejctUITestsLaunchTests.swift */; };
/* End PBXBuildFile section */

/* Begin PBXContainerItemProxy section */
		A2BD022529AF4F8F00462C8A /* PBXContainerItemProxy */ = {
			isa = PBXContainerItemProxy;
			containerPortal = A2BD020629AF4F8D00462C8A /* Project object */;
			proxyType = 1;
			remoteGlobalIDString = A2BD020D29AF4F8D00462C8A;
			remoteInfo = TestProejct;
		};
		A2BD022F29AF4F8F00462C8A /* PBXContainerItemProxy */ = {
			isa = PBXContainerItemProxy;
			containerPortal = A2BD020629AF4F8D00462C8A /* Project object */;
			proxyType = 1;
			remoteGlobalIDString = A2BD020D29AF4F8D00462C8A;
			remoteInfo = TestProejct;
		};
/* End PBXContainerItemProxy section */

/* Begin PBXFileReference section */
		A2BD020E29AF4F8D00462C8A /* TestProejct.app */ = {isa = PBXFileReference; explicitFileType = wrapper.application; includeInIndex = 0; path = TestProejct.app; sourceTree = BUILT_PRODUCTS_DIR; };
		A2BD021129AF4F8D00462C8A /* AppDelegate.swift */ = {isa = PBXFileReference; lastKnownFileType = sourcecode.swift; path = AppDelegate.swift; sourceTree = "<group>"; };
		A2BD021329AF4F8D00462C8A /* SceneDelegate.swift */ = {isa = PBXFileReference; lastKnownFileType = sourcecode.swift; path = SceneDelegate.swift; sourceTree = "<group>"; };
		A2BD021529AF4F8D00462C8A /* ViewController.swift */ = {isa = PBXFileReference; lastKnownFileType = sourcecode.swift; path = ViewController.swift; sourceTree = "<group>"; };
		A2BD021829AF4F8D00462C8A /* Base */ = {isa = PBXFileReference; lastKnownFileType = file.storyboard; name = Base; path = Base.lproj/Main.storyboard; sourceTree = "<group>"; };
		A2BD021A29AF4F8E00462C8A /* Assets.xcassets */ = {isa = PBXFileReference; lastKnownFileType = folder.assetcatalog; path = Assets.xcassets; sourceTree = "<group>"; };
		A2BD021D29AF4F8E00462C8A /* Base */ = {isa = PBXFileReference; lastKnownFileType = file.storyboard; name = Base; path = Base.lproj/LaunchScreen.storyboard; sourceTree = "<group>"; };
		A2BD021F29AF4F8E00462C8A /* Info.plist */ = {isa = PBXFileReference; lastKnownFileType = text.plist.xml; path = Info.plist; sourceTree = "<group>"; };
		A2BD022429AF4F8F00462C8A /* TestProejctTests.xctest */ = {isa = PBXFileReference; explicitFileType = wrapper.cfbundle; includeInIndex = 0; path = TestProejctTests.xctest; sourceTree = BUILT_PRODUCTS_DIR; };
		A2BD022829AF4F8F00462C8A /* TestProejctTests.swift */ = {isa = PBXFileReference; lastKnownFileType = sourcecode.swift; path = TestProejctTests.swift; sourceTree = "<group>"; };
		A2BD022E29AF4F8F00462C8A /* TestProejctUITests.xctest */ = {isa = PBXFileReference; explicitFileType = wrapper.cfbundle; includeInIndex = 0; path = TestProejctUITests.xctest; sourceTree = BUILT_PRODUCTS_DIR; };
		A2BD023229AF4F8F00462C8A /* TestProejctUITests.swift */ = {isa = PBXFileReference; lastKnownFileType = sourcecode.swift; path = TestProejctUITests.swift; sourceTree = "<group>"; };
		A2BD023429AF4F8F00462C8A /* TestProejctUITestsLaunchTests.swift */ = {isa = PBXFileReference; lastKnownFileType = sourcecode.swift; path = TestProejctUITestsLaunchTests.swift; sourceTree = "<group>"; };
/* End PBXFileReference section */

/* Begin PBXFrameworksBuildPhase section */
		A2BD020B29AF4F8D00462C8A /* Frameworks */ = {
			isa = PBXFrameworksBuildPhase;
			buildActionMask = 2147483647;
			files = (
			);
			runOnlyForDeploymentPostprocessing = 0;
		};
		A2BD022129AF4F8F00462C8A /* Frameworks */ = {
			isa = PBXFrameworksBuildPhase;
			buildActionMask = 2147483647;
			files = (
			);
			runOnlyForDeploymentPostprocessing = 0;
		};
		A2BD022B29AF4F8F00462C8A /* Frameworks */ = {
			isa = PBXFrameworksBuildPhase;
			buildActionMask = 2147483647;
			files = (
			);
			runOnlyForDeploymentPostprocessing = 0;
		};
/* End PBXFrameworksBuildPhase section */

/* Begin PBXGroup section */
		A2BD020529AF4F8D00462C8A = {
			isa = PBXGroup;
			children = (
				A2BD021029AF4F8D00462C8A /* TestProejct */,
				A2BD022729AF4F8F00462C8A /* TestProejctTests */,
				A2BD023129AF4F8F00462C8A /* TestProejctUITests */,
				A2BD020F29AF4F8D00462C8A /* Products */,
			);
			sourceTree = "<group>";
		};
		A2BD020F29AF4F8D00462C8A /* Products */ = {
			isa = PBXGroup;
			children = (
				A2BD020E29AF4F8D00462C8A /* TestProejct.app */,
				A2BD022429AF4F8F00462C8A /* TestProejctTests.xctest */,
				A2BD022E29AF4F8F00462C8A /* TestProejctUITests.xctest */,
			);
			name = Products;
			sourceTree = "<group>";
		};
		A2BD021029AF4F8D00462C8A /* TestProejct */ = {
			isa = PBXGroup;
			children = (
				A2BD021129AF4F8D00462C8A /* AppDelegate.swift */,
				A2BD021329AF4F8D00462C8A /* SceneDelegate.swift */,
				A2BD021529AF4F8D00462C8A /* ViewController.swift */,
				A2BD021729AF4F8D00462C8A /* Main.storyboard */,
				A2BD021A29AF4F8E00462C8A /* Assets.xcassets */,
				A2BD021C29AF4F8E00462C8A /* LaunchScreen.storyboard */,
				A2BD021F29AF4F8E00462C8A /* Info.plist */,
			);
			path = TestProejct;
			sourceTree = "<group>";
		};
		A2BD022729AF4F8F00462C8A /* TestProejctTests */ = {
			isa = PBXGroup;
			children = (
				A2BD022829AF4F8F00462C8A /* TestProejctTests.swift */,
			);
			path = TestProejctTests;
			sourceTree = "<group>";
		};
		A2BD023129AF4F8F00462C8A /* TestProejctUITests */ = {
			isa = PBXGroup;
			children = (
				A2BD023229AF4F8F00462C8A /* TestProejctUITests.swift */,
				A2BD023429AF4F8F00462C8A /* TestProejctUITestsLaunchTests.swift */,
			);
			path = TestProejctUITests;
			sourceTree = "<group>";
		};
/* End PBXGroup section */

/* Begin PBXNativeTarget section */
		A2BD020D29AF4F8D00462C8A /* TestProejct */ = {
			isa = PBXNativeTarget;
			buildConfigurationList = A2BD023829AF4F8F00462C8A /* Build configuration list for PBXNativeTarget "TestProejct" */;
			buildPhases = (
				A2BD020A29AF4F8D00462C8A /* Sources */,
				A2BD020B29AF4F8D00462C8A /* Frameworks */,
				A2BD020C29AF4F8D00462C8A /* Resources */,
			);
			buildRules = (
			);
			dependencies = (
			);
			name = TestProejct;
			productName = TestProejct;
			productReference = A2BD020E29AF4F8D00462C8A /* TestProejct.app */;
			productType = "com.apple.product-type.application";
		};
		A2BD022329AF4F8F00462C8A /* TestProejctTests */ = {
			isa = PBXNativeTarget;
			buildConfigurationList = A2BD023B29AF4F8F00462C8A /* Build configuration list for PBXNativeTarget "TestProejctTests" */;
			buildPhases = (
				A2BD022029AF4F8F00462C8A /* Sources */,
				A2BD022129AF4F8F00462C8A /* Frameworks */,
				A2BD022229AF4F8F00462C8A /* Resources */,
			);
			buildRules = (
			);
			dependencies = (
				A2BD022629AF4F8F00462C8A /* PBXTargetDependency */,
			);
			name = TestProejctTests;
			productName = TestProejctTests;
			productReference = A2BD022429AF4F8F00462C8A /* TestProejctTests.xctest */;
			productType = "com.apple.product-type.bundle.unit-test";
		};
		A2BD022D29AF4F8F00462C8A /* TestProejctUITests */ = {
			isa = PBXNativeTarget;
			buildConfigurationList = A2BD023E29AF4F8F00462C8A /* Build configuration list for PBXNativeTarget "TestProejctUITests" */;
			buildPhases = (
				A2BD022A29AF4F8F00462C8A /* Sources */,
				A2BD022B29AF4F8F00462C8A /* Frameworks */,
				A2BD022C29AF4F8F00462C8A /* Resources */,
			);
			buildRules = (
			);
			dependencies = (
				A2BD023029AF4F8F00462C8A /* PBXTargetDependency */,
			);
			name = TestProejctUITests;
			productName = TestProejctUITests;
			productReference = A2BD022E29AF4F8F00462C8A /* TestProejctUITests.xctest */;
			productType = "com.apple.product-type.bundle.ui-testing";
		};
/* End PBXNativeTarget section */

/* Begin PBXProject section */
		A2BD020629AF4F8D00462C8A /* Project object */ = {
			isa = PBXProject;
			attributes = {
				BuildIndependentTargetsInParallel = 1;
				LastSwiftUpdateCheck = 1400;
				LastUpgradeCheck = 1400;
				TargetAttributes = {
					A2BD020D29AF4F8D00462C8A = {
						CreatedOnToolsVersion = 14.0;
					};
					A2BD022329AF4F8F00462C8A = {
						CreatedOnToolsVersion = 14.0;
						TestTargetID = A2BD020D29AF4F8D00462C8A;
					};
					A2BD022D29AF4F8F00462C8A = {
						CreatedOnToolsVersion = 14.0;
						TestTargetID = A2BD020D29AF4F8D00462C8A;
					};
				};
			};
			buildConfigurationList = A2BD020929AF4F8D00462C8A /* Build configuration list for PBXProject "TestProejct" */;
			compatibilityVersion = "Xcode 14.0";
			developmentRegion = en;
			hasScannedForEncodings = 0;
			knownRegions = (
				en,
				Base,
			);
			mainGroup = A2BD020529AF4F8D00462C8A;
			productRefGroup = A2BD020F29AF4F8D00462C8A /* Products */;
			projectDirPath = "";
			projectRoot = "";
			targets = (
				A2BD020D29AF4F8D00462C8A /* TestProejct */,
				A2BD022329AF4F8F00462C8A /* TestProejctTests */,
				A2BD022D29AF4F8F00462C8A /* TestProejctUITests */,
			);
		};
/* End PBXProject section */

/* Begin PBXResourcesBuildPhase section */
		A2BD020C29AF4F8D00462C8A /* Resources */ = {
			isa = PBXResourcesBuildPhase;
			buildActionMask = 2147483647;
			files = (
				A2BD021E29AF4F8E00462C8A /* LaunchScreen.storyboard in Resources */,
				A2BD021B29AF4F8E00462C8A /* Assets.xcassets in Resources */,
				A2BD021929AF4F8D00462C8A /* Main.storyboard in Resources */,
			);
			runOnlyForDeploymentPostprocessing = 0;
		};
		A2BD022229AF4F8F00462C8A /* Resources */ = {
			isa = PBXResourcesBuildPhase;
			buildActionMask = 2147483647;
			files = (
			);
			runOnlyForDeploymentPostprocessing = 0;
		};
		A2BD022C29AF4F8F00462C8A /* Resources */ = {
			isa = PBXResourcesBuildPhase;
			buildActionMask = 2147483647;
			files = (
			);
			runOnlyForDeploymentPostprocessing = 0;
		};
/* End PBXResourcesBuildPhase section */

/* Begin PBXSourcesBuildPhase section */
		A2BD020A29AF4F8D00462C8A /* Sources */ = {
			isa = PBXSourcesBuildPhase;
			buildActionMask = 2147483647;
			files = (
				A2BD021629AF4F8D00462C8A /* ViewController.swift in Sources */,
				A2BD021229AF4F8D00462C8A /* AppDelegate.swift in Sources */,
				A2BD021429AF4F8D00462C8A /* SceneDelegate.swift in Sources */,
			);
			runOnlyForDeploymentPostprocessing = 0;
		};
		A2BD022029AF4F8F00462C8A /* Sources */ = {
			isa = PBXSourcesBuildPhase;
			buildActionMask = 2147483647;
			files = (
				A2BD022929AF4F8F00462C8A /* TestProejctTests.swift in Sources */,
			);
			runOnlyForDeploymentPostprocessing = 0;
		};
		A2BD022A29AF4F8F00462C8A /* Sources */ = {
			isa = PBXSourcesBuildPhase;
			buildActionMask = 2147483647;
			files = (
				A2BD023529AF4F8F00462C8A /* TestProejctUITestsLaunchTests.swift in Sources */,
				A2BD023329AF4F8F00462C8A /* TestProejctUITests.swift in Sources */,
			);
			runOnlyForDeploymentPostprocessing = 0;
		};
/* End PBXSourcesBuildPhase section */

/* Begin PBXTargetDependency section */
		A2BD022629AF4F8F00462C8A /* PBXTargetDependency */ = {
			isa = PBXTargetDependency;
			target = A2BD020D29AF4F8D00462C8A /* TestProejct */;
			targetProxy = A2BD022529AF4F8F00462C8A /* PBXContainerItemProxy */;
		};
		A2BD023029AF4F8F00462C8A /* PBXTargetDependency */ = {
			isa = PBXTargetDependency;
			target = A2BD020D29AF4F8D00462C8A /* TestProejct */;
			targetProxy = A2BD022F29AF4F8F00462C8A /* PBXContainerItemProxy */;
		};
/* End PBXTargetDependency section */

/* Begin PBXVariantGroup section */
		A2BD021729AF4F8D00462C8A /* Main.storyboard */ = {
			isa = PBXVariantGroup;
			children = (
				A2BD021829AF4F8D00462C8A /* Base */,
			);
			name = Main.storyboard;
			sourceTree = "<group>";
		};
		A2BD021C29AF4F8E00462C8A /* LaunchScreen.storyboard */ = {
			isa = PBXVariantGroup;
			children = (
				A2BD021D29AF4F8E00462C8A /* Base */,
			);
			name = LaunchScreen.storyboard;
			sourceTree = "<group>";
		};
/* End PBXVariantGroup section */

/* Begin XCBuildConfiguration section */
		A2BD023629AF4F8F00462C8A /* Debug */ = {
			isa = XCBuildConfiguration;
			buildSettings = {
				ALWAYS_SEARCH_USER_PATHS = NO;
				CLANG_ANALYZER_NONNULL = YES;
				CLANG_ANALYZER_NUMBER_OBJECT_CONVERSION = YES_AGGRESSIVE;
				CLANG_CXX_LANGUAGE_STANDARD = "gnu++20";
				CLANG_ENABLE_MODULES = YES;
				CLANG_ENABLE_OBJC_ARC = YES;
				CLANG_ENABLE_OBJC_WEAK = YES;
				CLANG_WARN_BLOCK_CAPTURE_AUTORELEASING = YES;
				CLANG_WARN_BOOL_CONVERSION = YES;
				CLANG_WARN_COMMA = YES;
				CLANG_WARN_CONSTANT_CONVERSION = YES;
				CLANG_WARN_DEPRECATED_OBJC_IMPLEMENTATIONS = YES;
				CLANG_WARN_DIRECT_OBJC_ISA_USAGE = YES_ERROR;
				CLANG_WARN_DOCUMENTATION_COMMENTS = YES;
				CLANG_WARN_EMPTY_BODY = YES;
				CLANG_WARN_ENUM_CONVERSION = YES;
				CLANG_WARN_INFINITE_RECURSION = YES;
				CLANG_WARN_INT_CONVERSION = YES;
				CLANG_WARN_NON_LITERAL_NULL_CONVERSION = YES;
				CLANG_WARN_OBJC_IMPLICIT_RETAIN_SELF = YES;
				CLANG_WARN_OBJC_LITERAL_CONVERSION = YES;
				CLANG_WARN_OBJC_ROOT_CLASS = YES_ERROR;
				CLANG_WARN_QUOTED_INCLUDE_IN_FRAMEWORK_HEADER = YES;
				CLANG_WARN_RANGE_LOOP_ANALYSIS = YES;
				CLANG_WARN_STRICT_PROTOTYPES = YES;
				CLANG_WARN_SUSPICIOUS_MOVE = YES;
				CLANG_WARN_UNGUARDED_AVAILABILITY = YES_AGGRESSIVE;
				CLANG_WARN_UNREACHABLE_CODE = YES;
				CLANG_WARN__DUPLICATE_METHOD_MATCH = YES;
				COPY_PHASE_STRIP = NO;
				DEBUG_INFORMATION_FORMAT = dwarf;
				ENABLE_STRICT_OBJC_MSGSEND = YES;
				ENABLE_TESTABILITY = YES;
				GCC_C_LANGUAGE_STANDARD = gnu11;
				GCC_DYNAMIC_NO_PIC = NO;
				GCC_NO_COMMON_BLOCKS = YES;
				GCC_OPTIMIZATION_LEVEL = 0;
				GCC_PREPROCESSOR_DEFINITIONS = (
					"DEBUG=1",
					"$(inherited)",
				);
				GCC_WARN_64_TO_32_BIT_CONVERSION = YES;
				GCC_WARN_ABOUT_RETURN_TYPE = YES_ERROR;
				GCC_WARN_UNDECLARED_SELECTOR = YES;
				GCC_WARN_UNINITIALIZED_AUTOS = YES_AGGRESSIVE;
				GCC_WARN_UNUSED_FUNCTION = YES;
				GCC_WARN_UNUSED_VARIABLE = YES;
				IPHONEOS_DEPLOYMENT_TARGET = 16.0;
				MTL_ENABLE_DEBUG_INFO = INCLUDE_SOURCE;
				MTL_FAST_MATH = YES;
				ONLY_ACTIVE_ARCH = YES;
				SDKROOT = iphoneos;
				SWIFT_ACTIVE_COMPILATION_CONDITIONS = DEBUG;
				SWIFT_OPTIMIZATION_LEVEL = "-Onone";
			};
			name = Debug;
		};
		A2BD023729AF4F8F00462C8A /* Release */ = {
			isa = XCBuildConfiguration;
			buildSettings = {
				ALWAYS_SEARCH_USER_PATHS = NO;
				CLANG_ANALYZER_NONNULL = YES;
				CLANG_ANALYZER_NUMBER_OBJECT_CONVERSION = YES_AGGRESSIVE;
				CLANG_CXX_LANGUAGE_STANDARD = "gnu++20";
				CLANG_ENABLE_MODULES = YES;
				CLANG_ENABLE_OBJC_ARC = YES;
				CLANG_ENABLE_OBJC_WEAK = YES;
				CLANG_WARN_BLOCK_CAPTURE_AUTORELEASING = YES;
				CLANG_WARN_BOOL_CONVERSION = YES;
				CLANG_WARN_COMMA = YES;
				CLANG_WARN_CONSTANT_CONVERSION = YES;
				CLANG_WARN_DEPRECATED_OBJC_IMPLEMENTATIONS = YES;
				CLANG_WARN_DIRECT_OBJC_ISA_USAGE = YES_ERROR;
				CLANG_WARN_DOCUMENTATION_COMMENTS = YES;
				CLANG_WARN_EMPTY_BODY = YES;
				CLANG_WARN_ENUM_CONVERSION = YES;
				CLANG_WARN_INFINITE_RECURSION = YES;
				CLANG_WARN_INT_CONVERSION = YES;
				CLANG_WARN_NON_LITERAL_NULL_CONVERSION = YES;
				CLANG_WARN_OBJC_IMPLICIT_RETAIN_SELF = YES;
				CLANG_WARN_OBJC_LITERAL_CONVERSION = YES;
				CLANG_WARN_OBJC_ROOT_CLASS = YES_ERROR;
				CLANG_WARN_QUOTED_INCLUDE_IN_FRAMEWORK_HEADER = YES;
				CLANG_WARN_RANGE_LOOP_ANALYSIS = YES;
				CLANG_WARN_STRICT_PROTOTYPES = YES;
				CLANG_WARN_SUSPICIOUS_MOVE = YES;
				CLANG_WARN_UNGUARDED_AVAILABILITY = YES_AGGRESSIVE;
				CLANG_WARN_UNREACHABLE_CODE = YES;
				CLANG_WARN__DUPLICATE_METHOD_MATCH = YES;
				COPY_PHASE_STRIP = NO;
				DEBUG_INFORMATION_FORMAT = "dwarf-with-dsym";
				ENABLE_NS_ASSERTIONS = NO;
				ENABLE_STRICT_OBJC_MSGSEND = YES;
				GCC_C_LANGUAGE_STANDARD = gnu11;
				GCC_NO_COMMON_BLOCKS = YES;
				GCC_WARN_64_TO_32_BIT_CONVERSION = YES;
				GCC_WARN_ABOUT_RETURN_TYPE = YES_ERROR;
				GCC_WARN_UNDECLARED_SELECTOR = YES;
				GCC_WARN_UNINITIALIZED_AUTOS = YES_AGGRESSIVE;
				GCC_WARN_UNUSED_FUNCTION = YES;
				GCC_WARN_UNUSED_VARIABLE = YES;
				IPHONEOS_DEPLOYMENT_TARGET = 16.0;
				MTL_ENABLE_DEBUG_INFO = NO;
				MTL_FAST_MATH = YES;
				SDKROOT = iphoneos;
				SWIFT_COMPILATION_MODE = wholemodule;
				SWIFT_OPTIMIZATION_LEVEL = "-O";
				VALIDATE_PRODUCT = YES;
			};
			name = Release;
		};
		A2BD023929AF4F8F00462C8A /* Debug */ = {
			isa = XCBuildConfiguration;
			buildSettings = {
				ASSETCATALOG_COMPILER_APPICON_NAME = AppIcon;
				ASSETCATALOG_COMPILER_GLOBAL_ACCENT_COLOR_NAME = AccentColor;
				CODE_SIGN_STYLE = Automatic;
				CURRENT_PROJECT_VERSION = 1;
				DEVELOPMENT_TEAM = 2D8WKJP7C4;
				GENERATE_INFOPLIST_FILE = YES;
				INFOPLIST_FILE = TestProejct/Info.plist;
				INFOPLIST_KEY_UIApplicationSupportsIndirectInputEvents = YES;
				INFOPLIST_KEY_UILaunchStoryboardName = LaunchScreen;
				INFOPLIST_KEY_UIMainStoryboardFile = Main;
				INFOPLIST_KEY_UISupportedInterfaceOrientations_iPad = "UIInterfaceOrientationPortrait UIInterfaceOrientationPortraitUpsideDown UIInterfaceOrientationLandscapeLeft UIInterfaceOrientationLandscapeRight";
				INFOPLIST_KEY_UISupportedInterfaceOrientations_iPhone = "UIInterfaceOrientationPortrait UIInterfaceOrientationLandscapeLeft UIInterfaceOrientationLandscapeRight";
				LD_RUNPATH_SEARCH_PATHS = (
					"$(inherited)",
					"@executable_path/Frameworks",
				);
				MARKETING_VERSION = 1.0;
				PRODUCT_BUNDLE_IDENTIFIER = com.uk.TestProejct;
				PRODUCT_NAME = "$(TARGET_NAME)";
				SWIFT_EMIT_LOC_STRINGS = YES;
				SWIFT_VERSION = 5.0;
				TARGETED_DEVICE_FAMILY = "1,2";
			};
			name = Debug;
		};
		A2BD023A29AF4F8F00462C8A /* Release */ = {
			isa = XCBuildConfiguration;
			buildSettings = {
				ASSETCATALOG_COMPILER_APPICON_NAME = AppIcon;
				ASSETCATALOG_COMPILER_GLOBAL_ACCENT_COLOR_NAME = AccentColor;
				CODE_SIGN_STYLE = Automatic;
				CURRENT_PROJECT_VERSION = 1;
				DEVELOPMENT_TEAM = 2D8WKJP7C4;
				GENERATE_INFOPLIST_FILE = YES;
				INFOPLIST_FILE = TestProejct/Info.plist;
				INFOPLIST_KEY_UIApplicationSupportsIndirectInputEvents = YES;
				INFOPLIST_KEY_UILaunchStoryboardName = LaunchScreen;
				INFOPLIST_KEY_UIMainStoryboardFile = Main;
				INFOPLIST_KEY_UISupportedInterfaceOrientations_iPad = "UIInterfaceOrientationPortrait UIInterfaceOrientationPortraitUpsideDown UIInterfaceOrientationLandscapeLeft UIInterfaceOrientationLandscapeRight";
				INFOPLIST_KEY_UISupportedInterfaceOrientations_iPhone = "UIInterfaceOrientationPortrait UIInterfaceOrientationLandscapeLeft UIInterfaceOrientationLandscapeRight";
				LD_RUNPATH_SEARCH_PATHS = (
					"$(inherited)",
					"@executable_path/Frameworks",
				);
				MARKETING_VERSION = 1.0;
				PRODUCT_BUNDLE_IDENTIFIER = com.uk.TestProejct;
				PRODUCT_NAME = "$(TARGET_NAME)";
				SWIFT_EMIT_LOC_STRINGS = YES;
				SWIFT_VERSION = 5.0;
				TARGETED_DEVICE_FAMILY = "1,2";
			};
			name = Release;
		};
		A2BD023C29AF4F8F00462C8A /* Debug */ = {
			isa = XCBuildConfiguration;
			buildSettings = {
				ALWAYS_EMBED_SWIFT_STANDARD_LIBRARIES = YES;
				BUNDLE_LOADER = "$(TEST_HOST)";
				CODE_SIGN_STYLE = Automatic;
				CURRENT_PROJECT_VERSION = 1;
				DEVELOPMENT_TEAM = 2D8WKJP7C4;
				GENERATE_INFOPLIST_FILE = YES;
				IPHONEOS_DEPLOYMENT_TARGET = 16.0;
				MARKETING_VERSION = 1.0;
				PRODUCT_BUNDLE_IDENTIFIER = com.uk.TestProejctTests;
				PRODUCT_NAME = "$(TARGET_NAME)";
				SWIFT_EMIT_LOC_STRINGS = NO;
				SWIFT_VERSION = 5.0;
				TARGETED_DEVICE_FAMILY = "1,2";
				TEST_HOST = "$(BUILT_PRODUCTS_DIR)/TestProejct.app/$(BUNDLE_EXECUTABLE_FOLDER_PATH)/TestProejct";
			};
			name = Debug;
		};
		A2BD023D29AF4F8F00462C8A /* Release */ = {
			isa = XCBuildConfiguration;
			buildSettings = {
				ALWAYS_EMBED_SWIFT_STANDARD_LIBRARIES = YES;
				BUNDLE_LOADER = "$(TEST_HOST)";
				CODE_SIGN_STYLE = Automatic;
				CURRENT_PROJECT_VERSION = 1;
				DEVELOPMENT_TEAM = 2D8WKJP7C4;
				GENERATE_INFOPLIST_FILE = YES;
				IPHONEOS_DEPLOYMENT_TARGET = 16.0;
				MARKETING_VERSION = 1.0;
				PRODUCT_BUNDLE_IDENTIFIER = com.uk.TestProejctTests;
				PRODUCT_NAME = "$(TARGET_NAME)";
				SWIFT_EMIT_LOC_STRINGS = NO;
				SWIFT_VERSION = 5.0;
				TARGETED_DEVICE_FAMILY = "1,2";
				TEST_HOST = "$(BUILT_PRODUCTS_DIR)/TestProejct.app/$(BUNDLE_EXECUTABLE_FOLDER_PATH)/TestProejct";
			};
			name = Release;
		};
		A2BD023F29AF4F8F00462C8A /* Debug */ = {
			isa = XCBuildConfiguration;
			buildSettings = {
				ALWAYS_EMBED_SWIFT_STANDARD_LIBRARIES = YES;
				CODE_SIGN_STYLE = Automatic;
				CURRENT_PROJECT_VERSION = 1;
				DEVELOPMENT_TEAM = 2D8WKJP7C4;
				GENERATE_INFOPLIST_FILE = YES;
				MARKETING_VERSION = 1.0;
				PRODUCT_BUNDLE_IDENTIFIER = com.uk.TestProejctUITests;
				PRODUCT_NAME = "$(TARGET_NAME)";
				SWIFT_EMIT_LOC_STRINGS = NO;
				SWIFT_VERSION = 5.0;
				TARGETED_DEVICE_FAMILY = "1,2";
				TEST_TARGET_NAME = TestProejct;
			};
			name = Debug;
		};
		A2BD024029AF4F8F00462C8A /* Release */ = {
			isa = XCBuildConfiguration;
			buildSettings = {
				ALWAYS_EMBED_SWIFT_STANDARD_LIBRARIES = YES;
				CODE_SIGN_STYLE = Automatic;
				CURRENT_PROJECT_VERSION = 1;
				DEVELOPMENT_TEAM = 2D8WKJP7C4;
				GENERATE_INFOPLIST_FILE = YES;
				MARKETING_VERSION = 1.0;
				PRODUCT_BUNDLE_IDENTIFIER = com.uk.TestProejctUITests;
				PRODUCT_NAME = "$(TARGET_NAME)";
				SWIFT_EMIT_LOC_STRINGS = NO;
				SWIFT_VERSION = 5.0;
				TARGETED_DEVICE_FAMILY = "1,2";
				TEST_TARGET_NAME = TestProejct;
			};
			name = Release;
		};
/* End XCBuildConfiguration section */

/* Begin XCConfigurationList section */
		A2BD020929AF4F8D00462C8A /* Build configuration list for PBXProject "TestProejct" */ = {
			isa = XCConfigurationList;
			buildConfigurations = (
				A2BD023629AF4F8F00462C8A /* Debug */,
				A2BD023729AF4F8F00462C8A /* Release */,
			);
			defaultConfigurationIsVisible = 0;
			defaultConfigurationName = Release;
		};
		A2BD023829AF4F8F00462C8A /* Build configuration list for PBXNativeTarget "TestProejct" */ = {
			isa = XCConfigurationList;
			buildConfigurations = (
				A2BD023929AF4F8F00462C8A /* Debug */,
				A2BD023A29AF4F8F00462C8A /* Release */,
			);
			defaultConfigurationIsVisible = 0;
			defaultConfigurationName = Release;
		};
		A2BD023B29AF4F8F00462C8A /* Build configuration list for PBXNativeTarget "TestProejctTests" */ = {
			isa = XCConfigurationList;
			buildConfigurations = (
				A2BD023C29AF4F8F00462C8A /* Debug */,
				A2BD023D29AF4F8F00462C8A /* Release */,
			);
			defaultConfigurationIsVisible = 0;
			defaultConfigurationName = Release;
		};
		A2BD023E29AF4F8F00462C8A /* Build configuration list for PBXNativeTarget "TestProejctUITests" */ = {
			isa = XCConfigurationList;
			buildConfigurations = (
				A2BD023F29AF4F8F00462C8A /* Debug */,
				A2BD024029AF4F8F00462C8A /* Release */,
			);
			defaultConfigurationIsVisible = 0;
			defaultConfigurationName = Release;
		};
/* End XCConfigurationList section */
	};
	rootObject = A2BD020629AF4F8D00462C8A /* Project object */;
}
